
Microsoft Visual Studio Solution File, Format Version 12.00
# Visual Studio 15
VisualStudioVersion = 15.0.28307.572
MinimumVisualStudioVersion = 10.0.40219.1
Project("{9A19103F-16F7-4668-BE54-9A1E7A4F7556}") = "EmployeeBenefitsCalculation", "EmployeeBenefitsCalculation\EmployeeBenefitsCalculation.csproj", "{DB973BBE-A5B9-4EB2-B7AE-B3B19344226A}"
EndProject
Project("{FAE04EC0-301F-11D3-BF4B-00C04F79EFBC}") = "EmployeeBenefitsCalculation.Objects", "EmployeeBenefitsCalculation.Objects\EmployeeBenefitsCalculation.Objects.csproj", "{C3D9F368-AC3E-47B8-B370-701F81B4CB39}"
EndProject
Project("{FAE04EC0-301F-11D3-BF4B-00C04F79EFBC}") = "EmployeeBenefitsCalculation.Managers", "EmployeeBenegitsCalculation.Managers\EmployeeBenefitsCalculation.Managers.csproj", "{F7E7C9B3-0693-4767-839E-5CF162431103}"
EndProject
Project("{FAE04EC0-301F-11D3-BF4B-00C04F79EFBC}") = "EmployeeBenefitsCalculation.Manager.Tests", "EmployeeBenefitsCalculation.Manager.Tests\EmployeeBenefitsCalculation.Manager.Tests.csproj", "{476DBB87-EE30-4E9D-A773-A42A79EE511E}"
EndProject
Global
	GlobalSection(SolutionConfigurationPlatforms) = preSolution
		Debug|Any CPU = Debug|Any CPU
		Release|Any CPU = Release|Any CPU
	EndGlobalSection
	GlobalSection(ProjectConfigurationPlatforms) = postSolution
		{DB973BBE-A5B9-4EB2-B7AE-B3B19344226A}.Debug|Any CPU.ActiveCfg = Debug|Any CPU
		{DB973BBE-A5B9-4EB2-B7AE-B3B19344226A}.Debug|Any CPU.Build.0 = Debug|Any CPU
		{DB973BBE-A5B9-4EB2-B7AE-B3B19344226A}.Release|Any CPU.ActiveCfg = Release|Any CPU
		{DB973BBE-A5B9-4EB2-B7AE-B3B19344226A}.Release|Any CPU.Build.0 = Release|Any CPU
		{C3D9F368-AC3E-47B8-B370-701F81B4CB39}.Debug|Any CPU.ActiveCfg = Debug|Any CPU
		{C3D9F368-AC3E-47B8-B370-701F81B4CB39}.Debug|Any CPU.Build.0 = Debug|Any CPU
		{C3D9F368-AC3E-47B8-B370-701F81B4CB39}.Release|Any CPU.ActiveCfg = Release|Any CPU
		{C3D9F368-AC3E-47B8-B370-701F81B4CB39}.Release|Any CPU.Build.0 = Release|Any CPU
		{F7E7C9B3-0693-4767-839E-5CF162431103}.Debug|Any CPU.ActiveCfg = Debug|Any CPU
		{F7E7C9B3-0693-4767-839E-5CF162431103}.Debug|Any CPU.Build.0 = Debug|Any CPU
		{F7E7C9B3-0693-4767-839E-5CF162431103}.Release|Any CPU.ActiveCfg = Release|Any CPU
		{F7E7C9B3-0693-4767-839E-5CF162431103}.Release|Any CPU.Build.0 = Release|Any CPU
		{476DBB87-EE30-4E9D-A773-A42A79EE511E}.Debug|Any CPU.ActiveCfg = Debug|Any CPU
		{476DBB87-EE30-4E9D-A773-A42A79EE511E}.Debug|Any CPU.Build.0 = Debug|Any CPU
		{476DBB87-EE30-4E9D-A773-A42A79EE511E}.Release|Any CPU.ActiveCfg = Release|Any CPU
		{476DBB87-EE30-4E9D-A773-A42A79EE511E}.Release|Any CPU.Build.0 = Release|Any CPU
	EndGlobalSection
	GlobalSection(SolutionProperties) = preSolution
		HideSolutionNode = FALSE
	EndGlobalSection
	GlobalSection(ExtensibilityGlobals) = postSolution
		SolutionGuid = {73CD1B99-7B94-469E-A504-57373914B6E7}
	EndGlobalSection
EndGlobal
